<?xml version="1.0" encoding="utf-8"?>
<Project ToolsVersion="4.0" xmlns="http://schemas.microsoft.com/developer/msbuild/2003">
  <ItemGroup>
    <Filter Include="Source Files">
      <UniqueIdentifier>{4FC737F1-C7A5-4376-A066-2A32D752A2FF}</UniqueIdentifier>
      <Extensions>cpp;c;cc;cxx;c++;def;odl;idl;hpj;bat;asm;asmx</Extensions>
    </Filter>
    <Filter Include="Header Files">
      <UniqueIdentifier>{93995380-89BD-4b04-88EB-625FBE52EBFB}</UniqueIdentifier>
      <Extensions>h;hh;hpp;hxx;h++;hm;inl;inc;ipp;xsd</Extensions>
    </Filter>
    <Filter Include="Resource Files">
      <UniqueIdentifier>{67DA6AB6-F800-4c08-8B7A-83BB121AAD01}</UniqueIdentifier>
      <Extensions>rc;ico;cur;bmp;dlg;rc2;rct;bin;rgs;gif;jpg;jpeg;jpe;resx;tiff;tif;png;wav;mfcribbon-ms</Extensions>
    </Filter>
  </ItemGroup>
  <ItemGroup>
    <ClCompile Include="..\..\plugins\tiled\brick.cpp">
      <Filter>Source Files</Filter>
    </ClCompile>
    <ClCompile Include="..\..\plugins\tiled\tile_editor.cpp">
      <Filter>Source Files</Filter>
    </ClCompile>
    <ClCompile Include="..\..\plugins\tiled\tile_set.cpp">
      <Filter>Source Files</Filter>
    </ClCompile>
    <ClCompile Include="..\..\plugins\tiled\tiled_map.cpp">
      <Filter>Source Files</Filter>
    </ClCompile>
    <ClCompile Include="..\..\plugins\tiled\tiled-lua.cpp">
      <Filter>Source Files</Filter>
    </ClCompile>
    <ClCompile Include="..\..\plugins\tiled\util_tiled.cpp">
      <Filter>Source Files</Filter>
    </ClCompile>
    <ClCompile Include="..\..\plugins\plugin-helper\plugin-helper.cpp">
      <Filter>Source Files</Filter>
    </ClCompile>
    <ClCompile Include="..\..\plugins\tiled\layer.cpp">
      <Filter>Source Files</Filter>
    </ClCompile>
    <ClCompile Include="tilemap-dllmain.cpp" />
  </ItemGroup>
  <ItemGroup>
    <ClInclude Include="..\..\plugins\tiled\brick.h">
      <Filter>Header Files</Filter>
    </ClInclude>
    <ClInclude Include="..\..\plugins\tiled\layer.h">
      <Filter>Header Files</Filter>
    </ClInclude>
    <ClInclude Include="..\..\plugins\tiled\tile_set.h">
      <Filter>Header Files</Filter>
    </ClInclude>
    <ClInclude Include="..\..\plugins\tiled\tiled_map.h">
      <Filter>Header Files</Filter>
    </ClInclude>
    <ClInclude Include="..\..\plugins\tiled\tiled-lua.h">
      <Filter>Header Files</Filter>
    </ClInclude>
    <ClInclude Include="..\..\plugins\tiled\util_tiled.h">
      <Filter>Header Files</Filter>
    </ClInclude>
    <ClInclude Include="..\..\plugins\plugin-helper\plugin-helper.h">
      <Filter>Header Files</Filter>
    </ClInclude>
    <ClInclude Include="..\..\plugins\tiled\tile_editor.hpp">
      <Filter>Header Files</Filter>
    </ClInclude>
  </ItemGroup>
</Project>