
Microsoft Visual Studio Solution File, Format Version 12.00
# Visual Studio Version 16
VisualStudioVersion = 16.0.29209.62
MinimumVisualStudioVersion = 10.0.40219.1
Project("{8BC9CEB8-8B4A-11D0-8D11-00A0C91BC942}") = "mini-mbm", "mini-mbm\mini-mbm.vcxproj", "{75833981-86C0-463F-8AFD-45074B749A75}"
	ProjectSection(ProjectDependencies) = postProject
		{75472E2C-C965-4F07-99B1-CC58AF398FEF} = {75472E2C-C965-4F07-99B1-CC58AF398FEF}
	EndProjectSection
EndProject
Project("{8BC9CEB8-8B4A-11D0-8D11-00A0C91BC942}") = "lsqlite3", "lsqlite3\lsqlite3.vcxproj", "{2329EABF-51C7-49B2-A222-B05A64B3CAAA}"
	ProjectSection(ProjectDependencies) = postProject
		{75472E2C-C965-4F07-99B1-CC58AF398FEF} = {75472E2C-C965-4F07-99B1-CC58AF398FEF}
		{B7BAFAC7-195B-4BCB-B9C3-4637E8FA9BBD} = {B7BAFAC7-195B-4BCB-B9C3-4637E8FA9BBD}
	EndProjectSection
EndProject
Project("{8BC9CEB8-8B4A-11D0-8D11-00A0C91BC942}") = "box2d", "box2d\box2d.vcxproj", "{EA9D69C7-EAB2-4A07-BA45-A59944770561}"
	ProjectSection(ProjectDependencies) = postProject
		{75472E2C-C965-4F07-99B1-CC58AF398FEF} = {75472E2C-C965-4F07-99B1-CC58AF398FEF}
		{B7BAFAC7-195B-4BCB-B9C3-4637E8FA9BBD} = {B7BAFAC7-195B-4BCB-B9C3-4637E8FA9BBD}
	EndProjectSection
EndProject
Project("{8BC9CEB8-8B4A-11D0-8D11-00A0C91BC942}") = "bullet3d", "bullet2.8\bullet2.8.vcxproj", "{87ECDBAB-AC61-4C6D-8897-B05CDA8F40FB}"
	ProjectSection(ProjectDependencies) = postProject
		{75472E2C-C965-4F07-99B1-CC58AF398FEF} = {75472E2C-C965-4F07-99B1-CC58AF398FEF}
		{B7BAFAC7-195B-4BCB-B9C3-4637E8FA9BBD} = {B7BAFAC7-195B-4BCB-B9C3-4637E8FA9BBD}
	EndProjectSection
EndProject
Project("{8BC9CEB8-8B4A-11D0-8D11-00A0C91BC942}") = "lua5.4", "lua5.4\lua5.4.vcxproj", "{B7BAFAC7-195B-4BCB-B9C3-4637E8FA9BBD}"
EndProject
Project("{8BC9CEB8-8B4A-11D0-8D11-00A0C91BC942}") = "core_mbm", "core_mbm\core_mbm.vcxproj", "{2952FFC2-4374-4D25-86CA-973C88E2ABBE}"
EndProject
Project("{8BC9CEB8-8B4A-11D0-8D11-00A0C91BC942}") = "libTest", "libTest\libTest.vcxproj", "{C4F09A67-ACAE-4414-949B-129E35C03B5F}"
	ProjectSection(ProjectDependencies) = postProject
		{2952FFC2-4374-4D25-86CA-973C88E2ABBE} = {2952FFC2-4374-4D25-86CA-973C88E2ABBE}
	EndProjectSection
EndProject
Project("{8BC9CEB8-8B4A-11D0-8D11-00A0C91BC942}") = "tiny_obj_loader", "tiny-obj-loader\tiny-obj-loader.vcxproj", "{C5E93F95-8932-41EE-B078-61DD5C52B4E2}"
	ProjectSection(ProjectDependencies) = postProject
		{75472E2C-C965-4F07-99B1-CC58AF398FEF} = {75472E2C-C965-4F07-99B1-CC58AF398FEF}
		{B7BAFAC7-195B-4BCB-B9C3-4637E8FA9BBD} = {B7BAFAC7-195B-4BCB-B9C3-4637E8FA9BBD}
	EndProjectSection
EndProject
Project("{8BC9CEB8-8B4A-11D0-8D11-00A0C91BC942}") = "ImGui", "imGui\ImGui.vcxproj", "{656C3780-1FA2-49A9-8A33-707DF9193F30}"
	ProjectSection(ProjectDependencies) = postProject
		{75472E2C-C965-4F07-99B1-CC58AF398FEF} = {75472E2C-C965-4F07-99B1-CC58AF398FEF}
		{B7BAFAC7-195B-4BCB-B9C3-4637E8FA9BBD} = {B7BAFAC7-195B-4BCB-B9C3-4637E8FA9BBD}
	EndProjectSection
EndProject
Project("{8BC9CEB8-8B4A-11D0-8D11-00A0C91BC942}") = "tilemap", "tilemap\tilemap.vcxproj", "{B08116FB-A08D-4BEC-A1CB-4A108C87E919}"
	ProjectSection(ProjectDependencies) = postProject
		{75472E2C-C965-4F07-99B1-CC58AF398FEF} = {75472E2C-C965-4F07-99B1-CC58AF398FEF}
		{B7BAFAC7-195B-4BCB-B9C3-4637E8FA9BBD} = {B7BAFAC7-195B-4BCB-B9C3-4637E8FA9BBD}
	EndProjectSection
EndProject
Project("{8BC9CEB8-8B4A-11D0-8D11-00A0C91BC942}") = "mini-mbm-lib", "mini-mbm-lib\mini-mbm-lib.vcxproj", "{75472E2C-C965-4F07-99B1-CC58AF398FEF}"
	ProjectSection(ProjectDependencies) = postProject
		{B7BAFAC7-195B-4BCB-B9C3-4637E8FA9BBD} = {B7BAFAC7-195B-4BCB-B9C3-4637E8FA9BBD}
	EndProjectSection
EndProject
Global
	GlobalSection(SolutionConfigurationPlatforms) = preSolution
		Debug|x64 = Debug|x64
		Debug|x86 = Debug|x86
		Release|x64 = Release|x64
		Release|x86 = Release|x86
	EndGlobalSection
	GlobalSection(ProjectConfigurationPlatforms) = postSolution
		{75833981-86C0-463F-8AFD-45074B749A75}.Debug|x64.ActiveCfg = Debug|Win32
		{75833981-86C0-463F-8AFD-45074B749A75}.Debug|x64.Build.0 = Debug|Win32
		{75833981-86C0-463F-8AFD-45074B749A75}.Debug|x86.ActiveCfg = Debug|Win32
		{75833981-86C0-463F-8AFD-45074B749A75}.Debug|x86.Build.0 = Debug|Win32
		{75833981-86C0-463F-8AFD-45074B749A75}.Release|x64.ActiveCfg = Release|Win32
		{75833981-86C0-463F-8AFD-45074B749A75}.Release|x64.Build.0 = Release|Win32
		{75833981-86C0-463F-8AFD-45074B749A75}.Release|x86.ActiveCfg = Release|Win32
		{75833981-86C0-463F-8AFD-45074B749A75}.Release|x86.Build.0 = Release|Win32
		{2329EABF-51C7-49B2-A222-B05A64B3CAAA}.Debug|x64.ActiveCfg = Debug|Win32
		{2329EABF-51C7-49B2-A222-B05A64B3CAAA}.Debug|x64.Build.0 = Debug|Win32
		{2329EABF-51C7-49B2-A222-B05A64B3CAAA}.Debug|x86.ActiveCfg = Debug|Win32
		{2329EABF-51C7-49B2-A222-B05A64B3CAAA}.Debug|x86.Build.0 = Debug|Win32
		{2329EABF-51C7-49B2-A222-B05A64B3CAAA}.Release|x64.ActiveCfg = Release|Win32
		{2329EABF-51C7-49B2-A222-B05A64B3CAAA}.Release|x64.Build.0 = Release|Win32
		{2329EABF-51C7-49B2-A222-B05A64B3CAAA}.Release|x86.ActiveCfg = Release|Win32
		{2329EABF-51C7-49B2-A222-B05A64B3CAAA}.Release|x86.Build.0 = Release|Win32
		{EA9D69C7-EAB2-4A07-BA45-A59944770561}.Debug|x64.ActiveCfg = Debug|Win32
		{EA9D69C7-EAB2-4A07-BA45-A59944770561}.Debug|x64.Build.0 = Debug|Win32
		{EA9D69C7-EAB2-4A07-BA45-A59944770561}.Debug|x86.ActiveCfg = Debug|Win32
		{EA9D69C7-EAB2-4A07-BA45-A59944770561}.Debug|x86.Build.0 = Debug|Win32
		{EA9D69C7-EAB2-4A07-BA45-A59944770561}.Release|x64.ActiveCfg = Release|Win32
		{EA9D69C7-EAB2-4A07-BA45-A59944770561}.Release|x64.Build.0 = Release|Win32
		{EA9D69C7-EAB2-4A07-BA45-A59944770561}.Release|x86.ActiveCfg = Release|Win32
		{EA9D69C7-EAB2-4A07-BA45-A59944770561}.Release|x86.Build.0 = Release|Win32
		{87ECDBAB-AC61-4C6D-8897-B05CDA8F40FB}.Debug|x64.ActiveCfg = Debug|Win32
		{87ECDBAB-AC61-4C6D-8897-B05CDA8F40FB}.Debug|x64.Build.0 = Debug|Win32
		{87ECDBAB-AC61-4C6D-8897-B05CDA8F40FB}.Debug|x86.ActiveCfg = Debug|Win32
		{87ECDBAB-AC61-4C6D-8897-B05CDA8F40FB}.Debug|x86.Build.0 = Debug|Win32
		{87ECDBAB-AC61-4C6D-8897-B05CDA8F40FB}.Release|x64.ActiveCfg = Release|Win32
		{87ECDBAB-AC61-4C6D-8897-B05CDA8F40FB}.Release|x64.Build.0 = Release|Win32
		{87ECDBAB-AC61-4C6D-8897-B05CDA8F40FB}.Release|x86.ActiveCfg = Release|Win32
		{87ECDBAB-AC61-4C6D-8897-B05CDA8F40FB}.Release|x86.Build.0 = Release|Win32
		{B7BAFAC7-195B-4BCB-B9C3-4637E8FA9BBD}.Debug|x64.ActiveCfg = Debug|Win32
		{B7BAFAC7-195B-4BCB-B9C3-4637E8FA9BBD}.Debug|x64.Build.0 = Debug|Win32
		{B7BAFAC7-195B-4BCB-B9C3-4637E8FA9BBD}.Debug|x86.ActiveCfg = Debug|Win32
		{B7BAFAC7-195B-4BCB-B9C3-4637E8FA9BBD}.Debug|x86.Build.0 = Debug|Win32
		{B7BAFAC7-195B-4BCB-B9C3-4637E8FA9BBD}.Release|x64.ActiveCfg = Release|Win32
		{B7BAFAC7-195B-4BCB-B9C3-4637E8FA9BBD}.Release|x64.Build.0 = Release|Win32
		{B7BAFAC7-195B-4BCB-B9C3-4637E8FA9BBD}.Release|x86.ActiveCfg = Release|Win32
		{B7BAFAC7-195B-4BCB-B9C3-4637E8FA9BBD}.Release|x86.Build.0 = Release|Win32
		{2952FFC2-4374-4D25-86CA-973C88E2ABBE}.Debug|x64.ActiveCfg = Debug|Win32
		{2952FFC2-4374-4D25-86CA-973C88E2ABBE}.Debug|x64.Build.0 = Debug|Win32
		{2952FFC2-4374-4D25-86CA-973C88E2ABBE}.Debug|x86.ActiveCfg = Debug|Win32
		{2952FFC2-4374-4D25-86CA-973C88E2ABBE}.Debug|x86.Build.0 = Debug|Win32
		{2952FFC2-4374-4D25-86CA-973C88E2ABBE}.Release|x64.ActiveCfg = Release|Win32
		{2952FFC2-4374-4D25-86CA-973C88E2ABBE}.Release|x64.Build.0 = Release|Win32
		{2952FFC2-4374-4D25-86CA-973C88E2ABBE}.Release|x86.ActiveCfg = Release|Win32
		{2952FFC2-4374-4D25-86CA-973C88E2ABBE}.Release|x86.Build.0 = Release|Win32
		{C4F09A67-ACAE-4414-949B-129E35C03B5F}.Debug|x64.ActiveCfg = Debug|Win32
		{C4F09A67-ACAE-4414-949B-129E35C03B5F}.Debug|x64.Build.0 = Debug|Win32
		{C4F09A67-ACAE-4414-949B-129E35C03B5F}.Debug|x86.ActiveCfg = Debug|Win32
		{C4F09A67-ACAE-4414-949B-129E35C03B5F}.Debug|x86.Build.0 = Debug|Win32
		{C4F09A67-ACAE-4414-949B-129E35C03B5F}.Release|x64.ActiveCfg = Release|Win32
		{C4F09A67-ACAE-4414-949B-129E35C03B5F}.Release|x64.Build.0 = Release|Win32
		{C4F09A67-ACAE-4414-949B-129E35C03B5F}.Release|x86.ActiveCfg = Release|Win32
		{C4F09A67-ACAE-4414-949B-129E35C03B5F}.Release|x86.Build.0 = Release|Win32
		{C5E93F95-8932-41EE-B078-61DD5C52B4E2}.Debug|x64.ActiveCfg = Debug|Win32
		{C5E93F95-8932-41EE-B078-61DD5C52B4E2}.Debug|x64.Build.0 = Debug|Win32
		{C5E93F95-8932-41EE-B078-61DD5C52B4E2}.Debug|x86.ActiveCfg = Debug|Win32
		{C5E93F95-8932-41EE-B078-61DD5C52B4E2}.Debug|x86.Build.0 = Debug|Win32
		{C5E93F95-8932-41EE-B078-61DD5C52B4E2}.Release|x64.ActiveCfg = Release|Win32
		{C5E93F95-8932-41EE-B078-61DD5C52B4E2}.Release|x64.Build.0 = Release|Win32
		{C5E93F95-8932-41EE-B078-61DD5C52B4E2}.Release|x86.ActiveCfg = Release|Win32
		{C5E93F95-8932-41EE-B078-61DD5C52B4E2}.Release|x86.Build.0 = Release|Win32
		{656C3780-1FA2-49A9-8A33-707DF9193F30}.Debug|x64.ActiveCfg = Debug|Win32
		{656C3780-1FA2-49A9-8A33-707DF9193F30}.Debug|x64.Build.0 = Debug|Win32
		{656C3780-1FA2-49A9-8A33-707DF9193F30}.Debug|x86.ActiveCfg = Debug|Win32
		{656C3780-1FA2-49A9-8A33-707DF9193F30}.Debug|x86.Build.0 = Debug|Win32
		{656C3780-1FA2-49A9-8A33-707DF9193F30}.Release|x64.ActiveCfg = Release|Win32
		{656C3780-1FA2-49A9-8A33-707DF9193F30}.Release|x64.Build.0 = Release|Win32
		{656C3780-1FA2-49A9-8A33-707DF9193F30}.Release|x86.ActiveCfg = Release|Win32
		{656C3780-1FA2-49A9-8A33-707DF9193F30}.Release|x86.Build.0 = Release|Win32
		{B08116FB-A08D-4BEC-A1CB-4A108C87E919}.Debug|x64.ActiveCfg = Debug|Win32
		{B08116FB-A08D-4BEC-A1CB-4A108C87E919}.Debug|x64.Build.0 = Debug|Win32
		{B08116FB-A08D-4BEC-A1CB-4A108C87E919}.Debug|x86.ActiveCfg = Debug|Win32
		{B08116FB-A08D-4BEC-A1CB-4A108C87E919}.Debug|x86.Build.0 = Debug|Win32
		{B08116FB-A08D-4BEC-A1CB-4A108C87E919}.Release|x64.ActiveCfg = Release|Win32
		{B08116FB-A08D-4BEC-A1CB-4A108C87E919}.Release|x64.Build.0 = Release|Win32
		{B08116FB-A08D-4BEC-A1CB-4A108C87E919}.Release|x86.ActiveCfg = Release|Win32
		{B08116FB-A08D-4BEC-A1CB-4A108C87E919}.Release|x86.Build.0 = Release|Win32
		{75472E2C-C965-4F07-99B1-CC58AF398FEF}.Debug|x64.ActiveCfg = Debug|Win32
		{75472E2C-C965-4F07-99B1-CC58AF398FEF}.Debug|x64.Build.0 = Debug|Win32
		{75472E2C-C965-4F07-99B1-CC58AF398FEF}.Debug|x86.ActiveCfg = Debug|Win32
		{75472E2C-C965-4F07-99B1-CC58AF398FEF}.Debug|x86.Build.0 = Debug|Win32
		{75472E2C-C965-4F07-99B1-CC58AF398FEF}.Release|x64.ActiveCfg = Release|Win32
		{75472E2C-C965-4F07-99B1-CC58AF398FEF}.Release|x64.Build.0 = Release|Win32
		{75472E2C-C965-4F07-99B1-CC58AF398FEF}.Release|x86.ActiveCfg = Release|Win32
		{75472E2C-C965-4F07-99B1-CC58AF398FEF}.Release|x86.Build.0 = Release|Win32
	EndGlobalSection
	GlobalSection(SolutionProperties) = preSolution
		HideSolutionNode = FALSE
	EndGlobalSection
	GlobalSection(ExtensibilityGlobals) = postSolution
		SolutionGuid = {458B6ADA-9559-43E4-B547-06439F5DD87F}
	EndGlobalSection
EndGlobal
