<?xml version="1.0" encoding="utf-8"?>
<Project ToolsVersion="4.0" xmlns="http://schemas.microsoft.com/developer/msbuild/2003">
  <ItemGroup>
    <Filter Include="Source Files">
      <UniqueIdentifier>{4FC737F1-C7A5-4376-A066-2A32D752A2FF}</UniqueIdentifier>
      <Extensions>cpp;c;cc;cxx;def;odl;idl;hpj;bat;asm;asmx</Extensions>
    </Filter>
    <Filter Include="Header Files">
      <UniqueIdentifier>{93995380-89BD-4b04-88EB-625FBE52EBFB}</UniqueIdentifier>
      <Extensions>h;hh;hpp;hxx;hm;inl;inc;xsd</Extensions>
    </Filter>
    <Filter Include="Resource Files">
      <UniqueIdentifier>{67DA6AB6-F800-4c08-8B7A-83BB121AAD01}</UniqueIdentifier>
      <Extensions>rc;ico;cur;bmp;dlg;rc2;rct;bin;rgs;gif;jpg;jpeg;jpe;resx;tiff;tif;png;wav;mfcribbon-ms</Extensions>
    </Filter>
    <Filter Include="Header Files\audiere-1.9.4">
      <UniqueIdentifier>{35da44d9-74ca-4d48-a410-6b4b1c5fd479}</UniqueIdentifier>
    </Filter>
    <Filter Include="Header Files\core_mbm">
      <UniqueIdentifier>{f1e764bd-13c7-4a78-b123-aa6e08211b1f}</UniqueIdentifier>
    </Filter>
    <Filter Include="Header Files\joystick-win32">
      <UniqueIdentifier>{7e438eff-4f14-49b3-bd9f-16e672731c3c}</UniqueIdentifier>
    </Filter>
    <Filter Include="Header Files\lodepng">
      <UniqueIdentifier>{2d717499-7a0e-4232-8cd3-c6fe86bd362d}</UniqueIdentifier>
    </Filter>
    <Filter Include="Header Files\stb">
      <UniqueIdentifier>{afb83de2-e394-4131-861c-5bab390ba645}</UniqueIdentifier>
    </Filter>
    <Filter Include="Header Files\plusWindows">
      <UniqueIdentifier>{97599da3-3f26-4328-82df-28978b2274fd}</UniqueIdentifier>
    </Filter>
    <Filter Include="Header Files\render">
      <UniqueIdentifier>{204f083f-3a07-4225-8ed6-4f25537fdeb1}</UniqueIdentifier>
    </Filter>
    <Filter Include="Source Files\joystick-win32">
      <UniqueIdentifier>{5b4a37db-324a-464f-8b27-47234db8bb37}</UniqueIdentifier>
    </Filter>
    <Filter Include="Source Files\lodepng">
      <UniqueIdentifier>{b6ce3ee4-f2f2-4493-870d-4657ef0ce3a0}</UniqueIdentifier>
    </Filter>
    <Filter Include="Header Files\miniz">
      <UniqueIdentifier>{14f1f210-e214-4e7b-a775-b35af62fdb55}</UniqueIdentifier>
    </Filter>
    <Filter Include="Header Files\miniz-wrap">
      <UniqueIdentifier>{8827ddd8-2dbf-42cd-9332-b99227432204}</UniqueIdentifier>
    </Filter>
    <Filter Include="Source Files\miniz">
      <UniqueIdentifier>{f89c4aa3-31ec-4a3b-a018-79a00c1748bc}</UniqueIdentifier>
    </Filter>
    <Filter Include="Source Files\plusWindows">
      <UniqueIdentifier>{eeb5dcca-cc14-4849-a19a-abcb8d3c7391}</UniqueIdentifier>
    </Filter>
    <Filter Include="Source Files\render">
      <UniqueIdentifier>{5f5e69a7-c70c-44f3-9870-2ff157d2b0ee}</UniqueIdentifier>
    </Filter>
    <Filter Include="Header Files\platform">
      <UniqueIdentifier>{381e75fd-a8af-49f7-9fd6-43c1ae5b08c7}</UniqueIdentifier>
    </Filter>
    <Filter Include="Source Files\miniz-wrap">
      <UniqueIdentifier>{e53e1c91-0f4b-4d2d-b57b-a7c292577bc6}</UniqueIdentifier>
    </Filter>
    <Filter Include="Source Files\stb">
      <UniqueIdentifier>{e1a2606d-1899-4311-9ff8-5db0f9d9b955}</UniqueIdentifier>
    </Filter>
    <Filter Include="Source Files\core_mbm">
      <UniqueIdentifier>{3e8c21a7-77f0-4d30-83da-a0b1f320bf51}</UniqueIdentifier>
    </Filter>
    <Filter Include="Source Files\tinyfiledialogs">
      <UniqueIdentifier>{efaf2cf3-a8b1-40ba-b953-be75738bef08}</UniqueIdentifier>
    </Filter>
    <Filter Include="Header Files\tinyfiledialogs">
      <UniqueIdentifier>{22ca7b3a-ee2a-438e-a3cf-865d11dbc4d4}</UniqueIdentifier>
    </Filter>
  </ItemGroup>
  <ItemGroup>
    <ClInclude Include="..\..\third-party\lodepng\lodepng.h">
      <Filter>Header Files\lodepng</Filter>
    </ClInclude>
    <ClInclude Include="..\..\third-party\lodepng\lodepng_util.h">
      <Filter>Header Files\lodepng</Filter>
    </ClInclude>
    <ClInclude Include="..\..\include\plusWindows\defaultThemePlusWindows.h">
      <Filter>Header Files\plusWindows</Filter>
    </ClInclude>
    <ClInclude Include="..\..\include\plusWindows\plusWindows.h">
      <Filter>Header Files\plusWindows</Filter>
    </ClInclude>
    <ClInclude Include="..\..\third-party\miniz\miniz_common.h">
      <Filter>Header Files\miniz</Filter>
    </ClInclude>
    <ClInclude Include="..\..\third-party\miniz\miniz_tdef.h">
      <Filter>Header Files\miniz</Filter>
    </ClInclude>
    <ClInclude Include="..\..\third-party\miniz\miniz_tinfl.h">
      <Filter>Header Files\miniz</Filter>
    </ClInclude>
    <ClInclude Include="..\..\third-party\miniz\miniz_zip.h">
      <Filter>Header Files\miniz</Filter>
    </ClInclude>
    <ClInclude Include="..\..\include\miniz-wrap\miniz-wrap.h">
      <Filter>Header Files\miniz-wrap</Filter>
    </ClInclude>
    <ClInclude Include="..\..\include\core_mbm\animation.h">
      <Filter>Header Files\core_mbm</Filter>
    </ClInclude>
    <ClInclude Include="..\..\include\core_mbm\audio-interface.h">
      <Filter>Header Files\core_mbm</Filter>
    </ClInclude>
    <ClInclude Include="..\..\include\core_mbm\blend.h">
      <Filter>Header Files\core_mbm</Filter>
    </ClInclude>
    <ClInclude Include="..\..\include\core_mbm\camera.h">
      <Filter>Header Files\core_mbm</Filter>
    </ClInclude>
    <ClInclude Include="..\..\include\core_mbm\core-manager.h">
      <Filter>Header Files\core_mbm</Filter>
    </ClInclude>
    <ClInclude Include="..\..\include\core_mbm\deprecated.h">
      <Filter>Header Files\core_mbm</Filter>
    </ClInclude>
    <ClInclude Include="..\..\include\core_mbm\device.h">
      <Filter>Header Files\core_mbm</Filter>
    </ClInclude>
    <ClInclude Include="..\..\include\core_mbm\dynamic-var.h">
      <Filter>Header Files\core_mbm</Filter>
    </ClInclude>
    <ClInclude Include="..\..\include\core_mbm\frustum.h">
      <Filter>Header Files\core_mbm</Filter>
    </ClInclude>
    <ClInclude Include="..\..\include\core_mbm\gles-debug.h">
      <Filter>Header Files\core_mbm</Filter>
    </ClInclude>
    <ClInclude Include="..\..\include\core_mbm\header-mesh.h">
      <Filter>Header Files\core_mbm</Filter>
    </ClInclude>
    <ClInclude Include="..\..\include\core_mbm\image-resource.h">
      <Filter>Header Files\core_mbm</Filter>
    </ClInclude>
    <ClInclude Include="..\..\include\core_mbm\log-util.h">
      <Filter>Header Files\core_mbm</Filter>
    </ClInclude>
    <ClInclude Include="..\..\include\core_mbm\mesh-manager.h">
      <Filter>Header Files\core_mbm</Filter>
    </ClInclude>
    <ClInclude Include="..\..\include\core_mbm\order-render.h">
      <Filter>Header Files\core_mbm</Filter>
    </ClInclude>
    <ClInclude Include="..\..\include\core_mbm\physics.h">
      <Filter>Header Files\core_mbm</Filter>
    </ClInclude>
    <ClInclude Include="..\..\include\core_mbm\primitives.h">
      <Filter>Header Files\core_mbm</Filter>
    </ClInclude>
    <ClInclude Include="..\..\include\core_mbm\renderizable.h">
      <Filter>Header Files\core_mbm</Filter>
    </ClInclude>
    <ClInclude Include="..\..\include\core_mbm\scene.h">
      <Filter>Header Files\core_mbm</Filter>
    </ClInclude>
    <ClInclude Include="..\..\include\core_mbm\shader.h">
      <Filter>Header Files\core_mbm</Filter>
    </ClInclude>
    <ClInclude Include="..\..\include\core_mbm\shader-resource.h">
      <Filter>Header Files\core_mbm</Filter>
    </ClInclude>
    <ClInclude Include="..\..\include\core_mbm\shapes.h">
      <Filter>Header Files\core_mbm</Filter>
    </ClInclude>
    <ClInclude Include="..\..\include\core_mbm\texture-manager.h">
      <Filter>Header Files\core_mbm</Filter>
    </ClInclude>
    <ClInclude Include="..\..\include\core_mbm\time-control.h">
      <Filter>Header Files\core_mbm</Filter>
    </ClInclude>
    <ClInclude Include="..\..\include\core_mbm\uber-image.h">
      <Filter>Header Files\core_mbm</Filter>
    </ClInclude>
    <ClInclude Include="..\..\include\core_mbm\util.h">
      <Filter>Header Files\core_mbm</Filter>
    </ClInclude>
    <ClInclude Include="..\..\include\platform\mismatch-platform.h">
      <Filter>Header Files\platform</Filter>
    </ClInclude>
    <ClInclude Include="..\..\third-party\stb\stb_image.h">
      <Filter>Header Files\stb</Filter>
    </ClInclude>
    <ClInclude Include="..\..\third-party\stb\stb_truetype.h">
      <Filter>Header Files\stb</Filter>
    </ClInclude>
    <ClInclude Include="..\..\include\core_mbm\file-util.h">
      <Filter>Header Files\core_mbm</Filter>
    </ClInclude>
    <ClInclude Include="..\..\include\core_mbm\cr-static-local.h">
      <Filter>Header Files\core_mbm</Filter>
    </ClInclude>
    <ClInclude Include="..\..\include\core_mbm\util-interface.h">
      <Filter>Header Files\core_mbm</Filter>
    </ClInclude>
    <ClInclude Include="..\..\include\render\texture-view.h">
      <Filter>Header Files\render</Filter>
    </ClInclude>
    <ClInclude Include="..\..\include\core_mbm\shader-cfg.h">
      <Filter>Header Files\core_mbm</Filter>
    </ClInclude>
    <ClInclude Include="..\..\include\core_mbm\shader-var-cfg.h">
      <Filter>Header Files\core_mbm</Filter>
    </ClInclude>
    <ClInclude Include="..\..\include\render\background.h">
      <Filter>Header Files\render</Filter>
    </ClInclude>
    <ClInclude Include="..\..\include\render\font.h">
      <Filter>Header Files\render</Filter>
    </ClInclude>
    <ClInclude Include="..\..\include\render\HMD.h">
      <Filter>Header Files\render</Filter>
    </ClInclude>
    <ClInclude Include="..\..\include\render\line-mesh.h">
      <Filter>Header Files\render</Filter>
    </ClInclude>
    <ClInclude Include="..\..\include\render\mesh.h">
      <Filter>Header Files\render</Filter>
    </ClInclude>
    <ClInclude Include="..\..\include\render\particle.h">
      <Filter>Header Files\render</Filter>
    </ClInclude>
    <ClInclude Include="..\..\include\render\render-2-texture.h">
      <Filter>Header Files\render</Filter>
    </ClInclude>
    <ClInclude Include="..\..\include\render\sprite.h">
      <Filter>Header Files\render</Filter>
    </ClInclude>
    <ClInclude Include="..\..\include\joystick-win32\joystick.h">
      <Filter>Header Files\joystick-win32</Filter>
    </ClInclude>
    <ClInclude Include="..\..\include\platform\common-jni.h">
      <Filter>Header Files\core_mbm</Filter>
    </ClInclude>
    <ClInclude Include="..\..\include\render\gif-view.h">
      <Filter>Header Files\render</Filter>
    </ClInclude>
    <ClInclude Include="..\..\third-party\stb\stb-interface.h">
      <Filter>Header Files\stb</Filter>
    </ClInclude>
    <ClInclude Include="..\..\include\core_mbm\vigenere.h">
      <Filter>Header Files\core_mbm</Filter>
    </ClInclude>
    <ClInclude Include="..\..\include\core_mbm\audio.h">
      <Filter>Header Files\core_mbm</Filter>
    </ClInclude>
    <ClInclude Include="..\..\include\core_mbm\shader-fx.h">
      <Filter>Header Files\core_mbm</Filter>
    </ClInclude>
    <ClInclude Include="..\..\include\render\shape-mesh.h">
      <Filter>Header Files\render</Filter>
    </ClInclude>
    <ClInclude Include="..\..\include\core_mbm\renderizable-clone.h">
      <Filter>Header Files\render</Filter>
    </ClInclude>
    <ClInclude Include="..\..\include\core_mbm\plugin-callback.h">
      <Filter>Header Files\core_mbm</Filter>
    </ClInclude>
    <ClInclude Include="..\..\include\core_mbm\core-exports.h">
      <Filter>Header Files\core_mbm</Filter>
    </ClInclude>
    <ClInclude Include="..\..\include\core_mbm\class-identifier.h">
      <Filter>Header Files\core_mbm</Filter>
    </ClInclude>
    <ClInclude Include="..\..\include\render\tile.h">
      <Filter>Header Files\render</Filter>
    </ClInclude>
    <ClInclude Include="..\..\third-party\tinyfiledialogs\tinyfiledialogs.h">
      <Filter>Header Files\tinyfiledialogs</Filter>
    </ClInclude>
    <ClInclude Include="..\..\third-party\audiere-1.9.4\src\audiere.h">
      <Filter>Header Files\audiere-1.9.4</Filter>
    </ClInclude>
    <ClInclude Include="..\..\include\render\steered_particle.h">
      <Filter>Header Files\render</Filter>
    </ClInclude>
    <ClInclude Include="..\..\include\version\version.h">
      <Filter>Header Files\core_mbm</Filter>
    </ClInclude>
  </ItemGroup>
  <ItemGroup>
    <ClCompile Include="..\..\third-party\lodepng\lodepng.cpp">
      <Filter>Source Files\lodepng</Filter>
    </ClCompile>
    <ClCompile Include="..\..\third-party\lodepng\lodepng_util.cpp">
      <Filter>Source Files\lodepng</Filter>
    </ClCompile>
    <ClCompile Include="..\..\third-party\miniz\miniz.c">
      <Filter>Source Files\miniz</Filter>
    </ClCompile>
    <ClCompile Include="..\..\third-party\miniz\miniz_tdef.c">
      <Filter>Source Files\miniz</Filter>
    </ClCompile>
    <ClCompile Include="..\..\third-party\miniz\miniz_tinfl.c">
      <Filter>Source Files\miniz</Filter>
    </ClCompile>
    <ClCompile Include="..\..\third-party\miniz\miniz_zip.c">
      <Filter>Source Files\miniz</Filter>
    </ClCompile>
    <ClCompile Include="..\..\include\plusWindows\defaultThemePlusWindows.cpp">
      <Filter>Source Files\plusWindows</Filter>
    </ClCompile>
    <ClCompile Include="..\..\include\plusWindows\plusWindows.cpp">
      <Filter>Source Files\plusWindows</Filter>
    </ClCompile>
    <ClCompile Include="..\..\src\core_mbm\miniz\miniz-wrap.cpp">
      <Filter>Source Files\miniz-wrap</Filter>
    </ClCompile>
    <ClCompile Include="..\..\third-party\stb\stb.c">
      <Filter>Source Files\stb</Filter>
    </ClCompile>
    <ClCompile Include="..\..\src\render\texture-view.cpp">
      <Filter>Source Files\render</Filter>
    </ClCompile>
    <ClCompile Include="..\..\src\render\background.cpp">
      <Filter>Source Files\render</Filter>
    </ClCompile>
    <ClCompile Include="..\..\src\render\font.cpp">
      <Filter>Source Files\render</Filter>
    </ClCompile>
    <ClCompile Include="..\..\src\render\HMD.cpp">
      <Filter>Source Files\render</Filter>
    </ClCompile>
    <ClCompile Include="..\..\src\render\line-mesh.cpp">
      <Filter>Source Files\render</Filter>
    </ClCompile>
    <ClCompile Include="..\..\src\render\mesh.cpp">
      <Filter>Source Files\render</Filter>
    </ClCompile>
    <ClCompile Include="..\..\src\render\particle.cpp">
      <Filter>Source Files\render</Filter>
    </ClCompile>
    <ClCompile Include="..\..\src\render\render-2-texture.cpp">
      <Filter>Source Files\render</Filter>
    </ClCompile>
    <ClCompile Include="..\..\src\render\sprite.cpp">
      <Filter>Source Files\render</Filter>
    </ClCompile>
    <ClCompile Include="..\..\include\joystick-win32\joystick.cpp">
      <Filter>Source Files\joystick-win32</Filter>
    </ClCompile>
    <ClCompile Include="..\..\src\render\gif-view.cpp">
      <Filter>Source Files\render</Filter>
    </ClCompile>
    <ClCompile Include="..\..\src\render\shape-mesh.cpp">
      <Filter>Source Files\render</Filter>
    </ClCompile>
    <ClCompile Include="..\..\src\render\renderizable-clone.cpp">
      <Filter>Source Files\render</Filter>
    </ClCompile>
    <ClCompile Include="..\..\src\core_mbm\animation.cpp">
      <Filter>Source Files\core_mbm</Filter>
    </ClCompile>
    <ClCompile Include="..\..\src\core_mbm\audio-interface.cpp">
      <Filter>Source Files\core_mbm</Filter>
    </ClCompile>
    <ClCompile Include="..\..\src\core_mbm\blend.cpp">
      <Filter>Source Files\core_mbm</Filter>
    </ClCompile>
    <ClCompile Include="..\..\src\core_mbm\camera.cpp">
      <Filter>Source Files\core_mbm</Filter>
    </ClCompile>
    <ClCompile Include="..\..\src\core_mbm\core-manager.cpp">
      <Filter>Source Files\core_mbm</Filter>
    </ClCompile>
    <ClCompile Include="..\..\src\core_mbm\deprecated.cpp">
      <Filter>Source Files\core_mbm</Filter>
    </ClCompile>
    <ClCompile Include="..\..\src\core_mbm\device.cpp">
      <Filter>Source Files\core_mbm</Filter>
    </ClCompile>
    <ClCompile Include="..\..\src\core_mbm\dynamic-var.cpp">
      <Filter>Source Files\core_mbm</Filter>
    </ClCompile>
    <ClCompile Include="..\..\src\core_mbm\file-util.cpp">
      <Filter>Source Files\core_mbm</Filter>
    </ClCompile>
    <ClCompile Include="..\..\src\core_mbm\frustum.cpp">
      <Filter>Source Files\core_mbm</Filter>
    </ClCompile>
    <ClCompile Include="..\..\src\core_mbm\gles-debug.cpp">
      <Filter>Source Files\core_mbm</Filter>
    </ClCompile>
    <ClCompile Include="..\..\src\core_mbm\header-mesh.cpp">
      <Filter>Source Files\core_mbm</Filter>
    </ClCompile>
    <ClCompile Include="..\..\src\core_mbm\image-resource.cpp">
      <Filter>Source Files\core_mbm</Filter>
    </ClCompile>
    <ClCompile Include="..\..\src\core_mbm\log-util.cpp">
      <Filter>Source Files\core_mbm</Filter>
    </ClCompile>
    <ClCompile Include="..\..\src\core_mbm\mesh-manager.cpp">
      <Filter>Source Files\core_mbm</Filter>
    </ClCompile>
    <ClCompile Include="..\..\src\core_mbm\order-render.cpp">
      <Filter>Source Files\core_mbm</Filter>
    </ClCompile>
    <ClCompile Include="..\..\src\core_mbm\physics.cpp">
      <Filter>Source Files\core_mbm</Filter>
    </ClCompile>
    <ClCompile Include="..\..\src\core_mbm\primitives.cpp">
      <Filter>Source Files\core_mbm</Filter>
    </ClCompile>
    <ClCompile Include="..\..\src\core_mbm\renderizable.cpp">
      <Filter>Source Files\core_mbm</Filter>
    </ClCompile>
    <ClCompile Include="..\..\src\core_mbm\scene.cpp">
      <Filter>Source Files\core_mbm</Filter>
    </ClCompile>
    <ClCompile Include="..\..\src\core_mbm\shader.cpp">
      <Filter>Source Files\core_mbm</Filter>
    </ClCompile>
    <ClCompile Include="..\..\src\core_mbm\shader-cfg.cpp">
      <Filter>Source Files\core_mbm</Filter>
    </ClCompile>
    <ClCompile Include="..\..\src\core_mbm\shader-fx.cpp">
      <Filter>Source Files\core_mbm</Filter>
    </ClCompile>
    <ClCompile Include="..\..\src\core_mbm\shader-var-cfg.cpp">
      <Filter>Source Files\core_mbm</Filter>
    </ClCompile>
    <ClCompile Include="..\..\src\core_mbm\shapes.cpp">
      <Filter>Source Files\core_mbm</Filter>
    </ClCompile>
    <ClCompile Include="..\..\src\core_mbm\texture-manager.cpp">
      <Filter>Source Files\core_mbm</Filter>
    </ClCompile>
    <ClCompile Include="..\..\src\core_mbm\time-control.cpp">
      <Filter>Source Files\core_mbm</Filter>
    </ClCompile>
    <ClCompile Include="..\..\src\core_mbm\uber-image.cpp">
      <Filter>Source Files\core_mbm</Filter>
    </ClCompile>
    <ClCompile Include="..\..\src\core_mbm\util.cpp">
      <Filter>Source Files\core_mbm</Filter>
    </ClCompile>
    <ClCompile Include="..\..\src\core_mbm\vigenere.cpp">
      <Filter>Source Files\core_mbm</Filter>
    </ClCompile>
    <ClCompile Include="core_mbm.cpp">
      <Filter>Source Files</Filter>
    </ClCompile>
    <ClCompile Include="..\..\src\core_mbm\class-identifier.cpp">
      <Filter>Source Files\core_mbm</Filter>
    </ClCompile>
    <ClCompile Include="..\..\src\render\tile.cpp">
      <Filter>Source Files\render</Filter>
    </ClCompile>
    <ClCompile Include="..\..\third-party\tinyfiledialogs\tinyfiledialogs.c">
      <Filter>Source Files\tinyfiledialogs</Filter>
    </ClCompile>
    <ClCompile Include="..\..\src\core_mbm\audio-audiere.cpp">
      <Filter>Source Files</Filter>
    </ClCompile>
    <ClCompile Include="..\..\src\core_mbm\audio-manager.cpp">
      <Filter>Source Files\core_mbm</Filter>
    </ClCompile>
    <ClCompile Include="..\..\src\render\steered_particle.cpp">
      <Filter>Source Files\render</Filter>
    </ClCompile>
  </ItemGroup>
  <ItemGroup>
    <None Include="..\copy-dlls.bat">
      <Filter>Resource Files</Filter>
    </None>
  </ItemGroup>
</Project>